
Microsoft Visual Studio Solution File, Format Version 12.00
# Visual Studio Version 16
VisualStudioVersion = 16.0.29905.134
MinimumVisualStudioVersion = 10.0.40219.1
Project("{FAE04EC0-301F-11D3-BF4B-00C04F79EFBC}") = "Practise3", "Practise3\Practise3.csproj", "{B3291ABB-3C7E-4DE8-BC19-704D0EED1F1B}"
EndProject
Global
	GlobalSection(SolutionConfigurationPlatforms) = preSolution
		Debug|Any CPU = Debug|Any CPU
		Release|Any CPU = Release|Any CPU
	EndGlobalSection
	GlobalSection(ProjectConfigurationPlatforms) = postSolution
		{B3291ABB-3C7E-4DE8-BC19-704D0EED1F1B}.Debug|Any CPU.ActiveCfg = Debug|Any CPU
		{B3291ABB-3C7E-4DE8-BC19-704D0EED1F1B}.Debug|Any CPU.Build.0 = Debug|Any CPU
		{B3291ABB-3C7E-4DE8-BC19-704D0EED1F1B}.Release|Any CPU.ActiveCfg = Release|Any CPU
		{B3291ABB-3C7E-4DE8-BC19-704D0EED1F1B}.Release|Any CPU.Build.0 = Release|Any CPU
	EndGlobalSection
	GlobalSection(SolutionProperties) = preSolution
		HideSolutionNode = FALSE
	EndGlobalSection
	GlobalSection(ExtensibilityGlobals) = postSolution
		SolutionGuid = {A8C455BF-F2FB-48B4-B3DA-B4A71F0E2E3D}
	EndGlobalSection
EndGlobal
